
Microsoft Visual Studio Solution File, Format Version 12.00
# Visual Studio Version 16
VisualStudioVersion = 16.0.29926.136
MinimumVisualStudioVersion = 10.0.40219.1
Project("{FAE04EC0-301F-11D3-BF4B-00C04F79EFBC}") = "headachetracker", "headachetracker\headachetracker.csproj", "{1B1B90CA-AB3E-452B-9850-43A6743E76AD}"
EndProject
Project("{00D1A9C2-B5F0-4AF3-8072-F6C62B433612}") = "SQLheadache", "SQLheadache\SQLheadache.sqlproj", "{145F7B14-FEFB-47D1-9E7B-F2CE626E8BD1}"
EndProject
Global
	GlobalSection(SolutionConfigurationPlatforms) = preSolution
		Debug|Any CPU = Debug|Any CPU
		Release|Any CPU = Release|Any CPU
	EndGlobalSection
	GlobalSection(ProjectConfigurationPlatforms) = postSolution
		{1B1B90CA-AB3E-452B-9850-43A6743E76AD}.Debug|Any CPU.ActiveCfg = Debug|Any CPU
		{1B1B90CA-AB3E-452B-9850-43A6743E76AD}.Debug|Any CPU.Build.0 = Debug|Any CPU
		{1B1B90CA-AB3E-452B-9850-43A6743E76AD}.Release|Any CPU.ActiveCfg = Release|Any CPU
		{1B1B90CA-AB3E-452B-9850-43A6743E76AD}.Release|Any CPU.Build.0 = Release|Any CPU
		{145F7B14-FEFB-47D1-9E7B-F2CE626E8BD1}.Debug|Any CPU.ActiveCfg = Debug|Any CPU
		{145F7B14-FEFB-47D1-9E7B-F2CE626E8BD1}.Debug|Any CPU.Build.0 = Debug|Any CPU
		{145F7B14-FEFB-47D1-9E7B-F2CE626E8BD1}.Debug|Any CPU.Deploy.0 = Debug|Any CPU
		{145F7B14-FEFB-47D1-9E7B-F2CE626E8BD1}.Release|Any CPU.ActiveCfg = Release|Any CPU
		{145F7B14-FEFB-47D1-9E7B-F2CE626E8BD1}.Release|Any CPU.Build.0 = Release|Any CPU
		{145F7B14-FEFB-47D1-9E7B-F2CE626E8BD1}.Release|Any CPU.Deploy.0 = Release|Any CPU
	EndGlobalSection
	GlobalSection(SolutionProperties) = preSolution
		HideSolutionNode = FALSE
	EndGlobalSection
	GlobalSection(ExtensibilityGlobals) = postSolution
		SolutionGuid = {A025C8D5-CFD9-400F-B1EB-B2CAC8610022}
	EndGlobalSection
EndGlobal
